// !$*UTF8*$!
{
	archiveVersion = 1;
	classes = {
	};
	objectVersion = 56;
	objects = {

/* Begin PBXBuildFile section */
		041657DE2AEF8E0600BA3647 /* saveList.swift in Sources */ = {isa = PBXBuildFile; fileRef = 041657DD2AEF8E0600BA3647 /* saveList.swift */; };
		046801AE2AF4EDF400E71CEC /* AddLegViewController.swift in Sources */ = {isa = PBXBuildFile; fileRef = 046801AD2AF4EDF400E71CEC /* AddLegViewController.swift */; };
		046801B02AF4EE2200E71CEC /* AddShoulderViewController.swift in Sources */ = {isa = PBXBuildFile; fileRef = 046801AF2AF4EE2200E71CEC /* AddShoulderViewController.swift */; };
		046801B22AF4EE4700E71CEC /* AddArmViewController.swift in Sources */ = {isa = PBXBuildFile; fileRef = 046801B12AF4EE4700E71CEC /* AddArmViewController.swift */; };
		047EEB222AE6D3C5000550C2 /* AppDelegate.swift in Sources */ = {isa = PBXBuildFile; fileRef = 047EEB212AE6D3C5000550C2 /* AppDelegate.swift */; };
		047EEB242AE6D3C5000550C2 /* SceneDelegate.swift in Sources */ = {isa = PBXBuildFile; fileRef = 047EEB232AE6D3C5000550C2 /* SceneDelegate.swift */; };
		047EEB262AE6D3C5000550C2 /* MainViewController.swift in Sources */ = {isa = PBXBuildFile; fileRef = 047EEB252AE6D3C5000550C2 /* MainViewController.swift */; };
		047EEB292AE6D3C5000550C2 /* Main.storyboard in Resources */ = {isa = PBXBuildFile; fileRef = 047EEB272AE6D3C5000550C2 /* Main.storyboard */; };
		047EEB2B2AE6D3C7000550C2 /* Assets.xcassets in Resources */ = {isa = PBXBuildFile; fileRef = 047EEB2A2AE6D3C7000550C2 /* Assets.xcassets */; };
		047EEB2E2AE6D3C7000550C2 /* LaunchScreen.storyboard in Resources */ = {isa = PBXBuildFile; fileRef = 047EEB2C2AE6D3C7000550C2 /* LaunchScreen.storyboard */; };
		047EEB362AE6D93F000550C2 /* GymKindViewController.swift in Sources */ = {isa = PBXBuildFile; fileRef = 047EEB352AE6D93F000550C2 /* GymKindViewController.swift */; };
		047EEB382AE6DD93000550C2 /* ChestViewController.swift in Sources */ = {isa = PBXBuildFile; fileRef = 047EEB372AE6DD93000550C2 /* ChestViewController.swift */; };
		047EEB3A2AE6DEEB000550C2 /* BackViewController.swift in Sources */ = {isa = PBXBuildFile; fileRef = 047EEB392AE6DEEB000550C2 /* BackViewController.swift */; };
		047EEB3C2AE6DEFA000550C2 /* LegViewController.swift in Sources */ = {isa = PBXBuildFile; fileRef = 047EEB3B2AE6DEFA000550C2 /* LegViewController.swift */; };
		047EEB3E2AE6DF04000550C2 /* ShoulderViewController.swift in Sources */ = {isa = PBXBuildFile; fileRef = 047EEB3D2AE6DF04000550C2 /* ShoulderViewController.swift */; };
		047EEB402AE6DF0C000550C2 /* ArmViewController.swift in Sources */ = {isa = PBXBuildFile; fileRef = 047EEB3F2AE6DF0C000550C2 /* ArmViewController.swift */; };
		047EEB422AE6DF18000550C2 /* FinishViewController.swift in Sources */ = {isa = PBXBuildFile; fileRef = 047EEB412AE6DF18000550C2 /* FinishViewController.swift */; };
		047EEB442AE6E07D000550C2 /* HistoryViewController.swift in Sources */ = {isa = PBXBuildFile; fileRef = 047EEB432AE6E07D000550C2 /* HistoryViewController.swift */; };
		049A54A62AE7622D0021DB50 /* optionList.swift in Sources */ = {isa = PBXBuildFile; fileRef = 049A54A52AE7622D0021DB50 /* optionList.swift */; };
		049F2E8C2AF37E11008BF1EC /* AddBackViewController.swift in Sources */ = {isa = PBXBuildFile; fileRef = 049F2E8B2AF37E11008BF1EC /* AddBackViewController.swift */; };
		04C01D162AF1F99A00CB4B39 /* HistoryInfo.xcdatamodeld in Sources */ = {isa = PBXBuildFile; fileRef = 04C01D142AF1F99A00CB4B39 /* HistoryInfo.xcdatamodeld */; };
		04C01D3F2AF2681900CB4B39 /* AddChestViewController.swift in Sources */ = {isa = PBXBuildFile; fileRef = 04C01D3E2AF2681900CB4B39 /* AddChestViewController.swift */; };
		E41706952B21AA20004C3DA5 /* extention.swift in Sources */ = {isa = PBXBuildFile; fileRef = E41706942B21AA20004C3DA5 /* extention.swift */; };
		E417069B2B23137E004C3DA5 /* AddChestViewModel.swift in Sources */ = {isa = PBXBuildFile; fileRef = E417069A2B23137E004C3DA5 /* AddChestViewModel.swift */; };
		E417069D2B23154D004C3DA5 /* ChestViewModel.swift in Sources */ = {isa = PBXBuildFile; fileRef = E417069C2B23154D004C3DA5 /* ChestViewModel.swift */; };
		E417069F2B234F58004C3DA5 /* BackViewModel.swift in Sources */ = {isa = PBXBuildFile; fileRef = E417069E2B234F58004C3DA5 /* BackViewModel.swift */; };
		E41706A12B234F73004C3DA5 /* AddBackViewModel.swift in Sources */ = {isa = PBXBuildFile; fileRef = E41706A02B234F73004C3DA5 /* AddBackViewModel.swift */; };
		E41706A32B235429004C3DA5 /* LegViewModel.swift in Sources */ = {isa = PBXBuildFile; fileRef = E41706A22B235429004C3DA5 /* LegViewModel.swift */; };
		E41706A52B235435004C3DA5 /* AddLegViewModel.swift in Sources */ = {isa = PBXBuildFile; fileRef = E41706A42B235435004C3DA5 /* AddLegViewModel.swift */; };
		E41706A72B235818004C3DA5 /* ShoulderViewModel.swift in Sources */ = {isa = PBXBuildFile; fileRef = E41706A62B235818004C3DA5 /* ShoulderViewModel.swift */; };
		E41706A92B23582E004C3DA5 /* AddShoulderViewModel.swift in Sources */ = {isa = PBXBuildFile; fileRef = E41706A82B23582E004C3DA5 /* AddShoulderViewModel.swift */; };
		E41706AB2B235B40004C3DA5 /* ArmViewModel.swift in Sources */ = {isa = PBXBuildFile; fileRef = E41706AA2B235B40004C3DA5 /* ArmViewModel.swift */; };
		E41706AD2B235B4C004C3DA5 /* AddArmViewModel.swift in Sources */ = {isa = PBXBuildFile; fileRef = E41706AC2B235B4C004C3DA5 /* AddArmViewModel.swift */; };
		E4A0A86B2B2450FB00C5DDA2 /* GymKindViewModel.swift in Sources */ = {isa = PBXBuildFile; fileRef = E4A0A86A2B2450FB00C5DDA2 /* GymKindViewModel.swift */; };
		E4A0A86E2B24530E00C5DDA2 /* HistoryViewModel.swift in Sources */ = {isa = PBXBuildFile; fileRef = E4A0A86D2B24530E00C5DDA2 /* HistoryViewModel.swift */; };
		E4A0A8712B2455BA00C5DDA2 /* FinishViewModel.swift in Sources */ = {isa = PBXBuildFile; fileRef = E4A0A8702B2455BA00C5DDA2 /* FinishViewModel.swift */; };
/* End PBXBuildFile section */

/* Begin PBXFileReference section */
		041657DD2AEF8E0600BA3647 /* saveList.swift */ = {isa = PBXFileReference; lastKnownFileType = sourcecode.swift; path = saveList.swift; sourceTree = "<group>"; };
		046801AD2AF4EDF400E71CEC /* AddLegViewController.swift */ = {isa = PBXFileReference; lastKnownFileType = sourcecode.swift; path = AddLegViewController.swift; sourceTree = "<group>"; };
		046801AF2AF4EE2200E71CEC /* AddShoulderViewController.swift */ = {isa = PBXFileReference; lastKnownFileType = sourcecode.swift; path = AddShoulderViewController.swift; sourceTree = "<group>"; };
		046801B12AF4EE4700E71CEC /* AddArmViewController.swift */ = {isa = PBXFileReference; lastKnownFileType = sourcecode.swift; path = AddArmViewController.swift; sourceTree = "<group>"; };
		047EEB1E2AE6D3C5000550C2 /* myGYMapp.app */ = {isa = PBXFileReference; explicitFileType = wrapper.application; includeInIndex = 0; path = myGYMapp.app; sourceTree = BUILT_PRODUCTS_DIR; };
		047EEB212AE6D3C5000550C2 /* AppDelegate.swift */ = {isa = PBXFileReference; lastKnownFileType = sourcecode.swift; path = AppDelegate.swift; sourceTree = "<group>"; };
		047EEB232AE6D3C5000550C2 /* SceneDelegate.swift */ = {isa = PBXFileReference; lastKnownFileType = sourcecode.swift; path = SceneDelegate.swift; sourceTree = "<group>"; };
		047EEB252AE6D3C5000550C2 /* MainViewController.swift */ = {isa = PBXFileReference; lastKnownFileType = sourcecode.swift; path = MainViewController.swift; sourceTree = "<group>"; };
		047EEB282AE6D3C5000550C2 /* Base */ = {isa = PBXFileReference; lastKnownFileType = file.storyboard; name = Base; path = Base.lproj/Main.storyboard; sourceTree = "<group>"; };
		047EEB2A2AE6D3C7000550C2 /* Assets.xcassets */ = {isa = PBXFileReference; lastKnownFileType = folder.assetcatalog; path = Assets.xcassets; sourceTree = "<group>"; };
		047EEB2D2AE6D3C7000550C2 /* Base */ = {isa = PBXFileReference; lastKnownFileType = file.storyboard; name = Base; path = Base.lproj/LaunchScreen.storyboard; sourceTree = "<group>"; };
		047EEB2F2AE6D3C7000550C2 /* Info.plist */ = {isa = PBXFileReference; lastKnownFileType = text.plist.xml; path = Info.plist; sourceTree = "<group>"; };
		047EEB352AE6D93F000550C2 /* GymKindViewController.swift */ = {isa = PBXFileReference; lastKnownFileType = sourcecode.swift; path = GymKindViewController.swift; sourceTree = "<group>"; };
		047EEB372AE6DD93000550C2 /* ChestViewController.swift */ = {isa = PBXFileReference; lastKnownFileType = sourcecode.swift; path = ChestViewController.swift; sourceTree = "<group>"; };
		047EEB392AE6DEEB000550C2 /* BackViewController.swift */ = {isa = PBXFileReference; lastKnownFileType = sourcecode.swift; path = BackViewController.swift; sourceTree = "<group>"; };
		047EEB3B2AE6DEFA000550C2 /* LegViewController.swift */ = {isa = PBXFileReference; lastKnownFileType = sourcecode.swift; path = LegViewController.swift; sourceTree = "<group>"; };
		047EEB3D2AE6DF04000550C2 /* ShoulderViewController.swift */ = {isa = PBXFileReference; lastKnownFileType = sourcecode.swift; path = ShoulderViewController.swift; sourceTree = "<group>"; };
		047EEB3F2AE6DF0C000550C2 /* ArmViewController.swift */ = {isa = PBXFileReference; lastKnownFileType = sourcecode.swift; path = ArmViewController.swift; sourceTree = "<group>"; };
		047EEB412AE6DF18000550C2 /* FinishViewController.swift */ = {isa = PBXFileReference; lastKnownFileType = sourcecode.swift; path = FinishViewController.swift; sourceTree = "<group>"; };
		047EEB432AE6E07D000550C2 /* HistoryViewController.swift */ = {isa = PBXFileReference; lastKnownFileType = sourcecode.swift; path = HistoryViewController.swift; sourceTree = "<group>"; };
		049A54A52AE7622D0021DB50 /* optionList.swift */ = {isa = PBXFileReference; lastKnownFileType = sourcecode.swift; path = optionList.swift; sourceTree = "<group>"; };
		049F2E8B2AF37E11008BF1EC /* AddBackViewController.swift */ = {isa = PBXFileReference; lastKnownFileType = sourcecode.swift; path = AddBackViewController.swift; sourceTree = "<group>"; };
		04C01D152AF1F99A00CB4B39 /* Model.xcdatamodel */ = {isa = PBXFileReference; lastKnownFileType = wrapper.xcdatamodel; path = Model.xcdatamodel; sourceTree = "<group>"; };
		04C01D3E2AF2681900CB4B39 /* AddChestViewController.swift */ = {isa = PBXFileReference; lastKnownFileType = sourcecode.swift; path = AddChestViewController.swift; sourceTree = "<group>"; };
		E41706942B21AA20004C3DA5 /* extention.swift */ = {isa = PBXFileReference; lastKnownFileType = sourcecode.swift; path = extention.swift; sourceTree = "<group>"; };
		E417069A2B23137E004C3DA5 /* AddChestViewModel.swift */ = {isa = PBXFileReference; lastKnownFileType = sourcecode.swift; path = AddChestViewModel.swift; sourceTree = "<group>"; };
		E417069C2B23154D004C3DA5 /* ChestViewModel.swift */ = {isa = PBXFileReference; lastKnownFileType = sourcecode.swift; path = ChestViewModel.swift; sourceTree = "<group>"; };
		E417069E2B234F58004C3DA5 /* BackViewModel.swift */ = {isa = PBXFileReference; lastKnownFileType = sourcecode.swift; path = BackViewModel.swift; sourceTree = "<group>"; };
		E41706A02B234F73004C3DA5 /* AddBackViewModel.swift */ = {isa = PBXFileReference; lastKnownFileType = sourcecode.swift; path = AddBackViewModel.swift; sourceTree = "<group>"; };
		E41706A22B235429004C3DA5 /* LegViewModel.swift */ = {isa = PBXFileReference; lastKnownFileType = sourcecode.swift; path = LegViewModel.swift; sourceTree = "<group>"; };
		E41706A42B235435004C3DA5 /* AddLegViewModel.swift */ = {isa = PBXFileReference; lastKnownFileType = sourcecode.swift; path = AddLegViewModel.swift; sourceTree = "<group>"; };
		E41706A62B235818004C3DA5 /* ShoulderViewModel.swift */ = {isa = PBXFileReference; lastKnownFileType = sourcecode.swift; path = ShoulderViewModel.swift; sourceTree = "<group>"; };
		E41706A82B23582E004C3DA5 /* AddShoulderViewModel.swift */ = {isa = PBXFileReference; lastKnownFileType = sourcecode.swift; path = AddShoulderViewModel.swift; sourceTree = "<group>"; };
		E41706AA2B235B40004C3DA5 /* ArmViewModel.swift */ = {isa = PBXFileReference; lastKnownFileType = sourcecode.swift; path = ArmViewModel.swift; sourceTree = "<group>"; };
		E41706AC2B235B4C004C3DA5 /* AddArmViewModel.swift */ = {isa = PBXFileReference; lastKnownFileType = sourcecode.swift; path = AddArmViewModel.swift; sourceTree = "<group>"; };
		E4A0A86A2B2450FB00C5DDA2 /* GymKindViewModel.swift */ = {isa = PBXFileReference; lastKnownFileType = sourcecode.swift; path = GymKindViewModel.swift; sourceTree = "<group>"; };
		E4A0A86D2B24530E00C5DDA2 /* HistoryViewModel.swift */ = {isa = PBXFileReference; lastKnownFileType = sourcecode.swift; path = HistoryViewModel.swift; sourceTree = "<group>"; };
		E4A0A8702B2455BA00C5DDA2 /* FinishViewModel.swift */ = {isa = PBXFileReference; lastKnownFileType = sourcecode.swift; path = FinishViewModel.swift; sourceTree = "<group>"; };
/* End PBXFileReference section */

/* Begin PBXFrameworksBuildPhase section */
		047EEB1B2AE6D3C5000550C2 /* Frameworks */ = {
			isa = PBXFrameworksBuildPhase;
			buildActionMask = 2147483647;
			files = (
			);
			runOnlyForDeploymentPostprocessing = 0;
		};
/* End PBXFrameworksBuildPhase section */

/* Begin PBXGroup section */
		047EEB152AE6D3C5000550C2 = {
			isa = PBXGroup;
			children = (
				E4A0A8662B244A4800C5DDA2 /* Models */,
				047EEB202AE6D3C5000550C2 /* myGYMapp */,
				047EEB1F2AE6D3C5000550C2 /* Products */,
			);
			sourceTree = "<group>";
		};
		047EEB1F2AE6D3C5000550C2 /* Products */ = {
			isa = PBXGroup;
			children = (
				047EEB1E2AE6D3C5000550C2 /* myGYMapp.app */,
			);
			name = Products;
			sourceTree = "<group>";
		};
		047EEB202AE6D3C5000550C2 /* myGYMapp */ = {
			isa = PBXGroup;
			children = (
				047EEB212AE6D3C5000550C2 /* AppDelegate.swift */,
				047EEB232AE6D3C5000550C2 /* SceneDelegate.swift */,
				E41706942B21AA20004C3DA5 /* extention.swift */,
				047EEB272AE6D3C5000550C2 /* Main.storyboard */,
				047EEB252AE6D3C5000550C2 /* MainViewController.swift */,
				E4A0A86C2B24510000C5DDA2 /* GymKinds */,
				E4A0A86F2B24531600C5DDA2 /* Historys */,
				E41706AF2B235E92004C3DA5 /* DefaultVC */,
				E4A0A8672B244A9E00C5DDA2 /* DefaultVM */,
				E4A0A8692B244DD600C5DDA2 /* AddVC */,
				E4A0A8682B244B8D00C5DDA2 /* AddVM */,
				E4A0A8722B2455BE00C5DDA2 /* Finishs */,
				047EEB2C2AE6D3C7000550C2 /* LaunchScreen.storyboard */,
				047EEB2F2AE6D3C7000550C2 /* Info.plist */,
				04C01D142AF1F99A00CB4B39 /* HistoryInfo.xcdatamodeld */,
			);
			path = myGYMapp;
			sourceTree = "<group>";
		};
		E41706AF2B235E92004C3DA5 /* DefaultVC */ = {
			isa = PBXGroup;
			children = (
				047EEB372AE6DD93000550C2 /* ChestViewController.swift */,
				047EEB392AE6DEEB000550C2 /* BackViewController.swift */,
				047EEB3B2AE6DEFA000550C2 /* LegViewController.swift */,
				047EEB3D2AE6DF04000550C2 /* ShoulderViewController.swift */,
				047EEB3F2AE6DF0C000550C2 /* ArmViewController.swift */,
			);
			path = DefaultVC;
			sourceTree = "<group>";
		};
		E4A0A8662B244A4800C5DDA2 /* Models */ = {
			isa = PBXGroup;
			children = (
				041657DD2AEF8E0600BA3647 /* saveList.swift */,
				049A54A52AE7622D0021DB50 /* optionList.swift */,
			);
			path = Models;
			sourceTree = "<group>";
		};
		E4A0A8672B244A9E00C5DDA2 /* DefaultVM */ = {
			isa = PBXGroup;
			children = (
				E417069C2B23154D004C3DA5 /* ChestViewModel.swift */,
				E417069E2B234F58004C3DA5 /* BackViewModel.swift */,
				E41706A22B235429004C3DA5 /* LegViewModel.swift */,
				E41706A62B235818004C3DA5 /* ShoulderViewModel.swift */,
				E41706AA2B235B40004C3DA5 /* ArmViewModel.swift */,
			);
			path = DefaultVM;
			sourceTree = "<group>";
		};
		E4A0A8682B244B8D00C5DDA2 /* AddVM */ = {
			isa = PBXGroup;
			children = (
				E417069A2B23137E004C3DA5 /* AddChestViewModel.swift */,
				E41706A02B234F73004C3DA5 /* AddBackViewModel.swift */,
				E41706A42B235435004C3DA5 /* AddLegViewModel.swift */,
				E41706A82B23582E004C3DA5 /* AddShoulderViewModel.swift */,
				E41706AC2B235B4C004C3DA5 /* AddArmViewModel.swift */,
			);
			path = AddVM;
			sourceTree = "<group>";
		};
		E4A0A8692B244DD600C5DDA2 /* AddVC */ = {
			isa = PBXGroup;
			children = (
				04C01D3E2AF2681900CB4B39 /* AddChestViewController.swift */,
				049F2E8B2AF37E11008BF1EC /* AddBackViewController.swift */,
				046801AD2AF4EDF400E71CEC /* AddLegViewController.swift */,
				046801AF2AF4EE2200E71CEC /* AddShoulderViewController.swift */,
				046801B12AF4EE4700E71CEC /* AddArmViewController.swift */,
			);
			path = AddVC;
			sourceTree = "<group>";
		};
		E4A0A86C2B24510000C5DDA2 /* GymKinds */ = {
			isa = PBXGroup;
			children = (
				047EEB352AE6D93F000550C2 /* GymKindViewController.swift */,
				E4A0A86A2B2450FB00C5DDA2 /* GymKindViewModel.swift */,
			);
			path = GymKinds;
			sourceTree = "<group>";
		};
		E4A0A86F2B24531600C5DDA2 /* Historys */ = {
			isa = PBXGroup;
			children = (
				047EEB432AE6E07D000550C2 /* HistoryViewController.swift */,
				E4A0A86D2B24530E00C5DDA2 /* HistoryViewModel.swift */,
			);
			path = Historys;
			sourceTree = "<group>";
		};
		E4A0A8722B2455BE00C5DDA2 /* Finishs */ = {
			isa = PBXGroup;
			children = (
				047EEB412AE6DF18000550C2 /* FinishViewController.swift */,
				E4A0A8702B2455BA00C5DDA2 /* FinishViewModel.swift */,
				047EEB2A2AE6D3C7000550C2 /* Assets.xcassets */,
			);
			path = Finishs;
			sourceTree = "<group>";
		};
/* End PBXGroup section */

/* Begin PBXNativeTarget section */
		047EEB1D2AE6D3C5000550C2 /* myGYMapp */ = {
			isa = PBXNativeTarget;
			buildConfigurationList = 047EEB322AE6D3C7000550C2 /* Build configuration list for PBXNativeTarget "myGYMapp" */;
			buildPhases = (
				047EEB1A2AE6D3C5000550C2 /* Sources */,
				047EEB1B2AE6D3C5000550C2 /* Frameworks */,
				047EEB1C2AE6D3C5000550C2 /* Resources */,
			);
			buildRules = (
			);
			dependencies = (
			);
			name = myGYMapp;
			productName = myGYMapp;
			productReference = 047EEB1E2AE6D3C5000550C2 /* myGYMapp.app */;
			productType = "com.apple.product-type.application";
		};
/* End PBXNativeTarget section */

/* Begin PBXProject section */
		047EEB162AE6D3C5000550C2 /* Project object */ = {
			isa = PBXProject;
			attributes = {
				BuildIndependentTargetsInParallel = 1;
				LastSwiftUpdateCheck = 1500;
				LastUpgradeCheck = 1500;
				TargetAttributes = {
					047EEB1D2AE6D3C5000550C2 = {
						CreatedOnToolsVersion = 15.0.1;
					};
				};
			};
			buildConfigurationList = 047EEB192AE6D3C5000550C2 /* Build configuration list for PBXProject "myGYMapp" */;
			compatibilityVersion = "Xcode 14.0";
			developmentRegion = en;
			hasScannedForEncodings = 0;
			knownRegions = (
				en,
				Base,
			);
			mainGroup = 047EEB152AE6D3C5000550C2;
			productRefGroup = 047EEB1F2AE6D3C5000550C2 /* Products */;
			projectDirPath = "";
			projectRoot = "";
			targets = (
				047EEB1D2AE6D3C5000550C2 /* myGYMapp */,
			);
		};
/* End PBXProject section */

/* Begin PBXResourcesBuildPhase section */
		047EEB1C2AE6D3C5000550C2 /* Resources */ = {
			isa = PBXResourcesBuildPhase;
			buildActionMask = 2147483647;
			files = (
				047EEB2E2AE6D3C7000550C2 /* LaunchScreen.storyboard in Resources */,
				047EEB2B2AE6D3C7000550C2 /* Assets.xcassets in Resources */,
				047EEB292AE6D3C5000550C2 /* Main.storyboard in Resources */,
			);
			runOnlyForDeploymentPostprocessing = 0;
		};
/* End PBXResourcesBuildPhase section */

/* Begin PBXSourcesBuildPhase section */
		047EEB1A2AE6D3C5000550C2 /* Sources */ = {
			isa = PBXSourcesBuildPhase;
			buildActionMask = 2147483647;
			files = (
				047EEB362AE6D93F000550C2 /* GymKindViewController.swift in Sources */,
				E41706AD2B235B4C004C3DA5 /* AddArmViewModel.swift in Sources */,
				E417069B2B23137E004C3DA5 /* AddChestViewModel.swift in Sources */,
				047EEB422AE6DF18000550C2 /* FinishViewController.swift in Sources */,
				E41706A72B235818004C3DA5 /* ShoulderViewModel.swift in Sources */,
				047EEB262AE6D3C5000550C2 /* MainViewController.swift in Sources */,
				04C01D162AF1F99A00CB4B39 /* HistoryInfo.xcdatamodeld in Sources */,
				047EEB222AE6D3C5000550C2 /* AppDelegate.swift in Sources */,
				E41706A32B235429004C3DA5 /* LegViewModel.swift in Sources */,
				E41706A92B23582E004C3DA5 /* AddShoulderViewModel.swift in Sources */,
				047EEB382AE6DD93000550C2 /* ChestViewController.swift in Sources */,
				047EEB442AE6E07D000550C2 /* HistoryViewController.swift in Sources */,
				046801B22AF4EE4700E71CEC /* AddArmViewController.swift in Sources */,
				E417069F2B234F58004C3DA5 /* BackViewModel.swift in Sources */,
				E41706A52B235435004C3DA5 /* AddLegViewModel.swift in Sources */,
				E4A0A86E2B24530E00C5DDA2 /* HistoryViewModel.swift in Sources */,
				04C01D3F2AF2681900CB4B39 /* AddChestViewController.swift in Sources */,
				046801B02AF4EE2200E71CEC /* AddShoulderViewController.swift in Sources */,
				047EEB3E2AE6DF04000550C2 /* ShoulderViewController.swift in Sources */,
				E4A0A8712B2455BA00C5DDA2 /* FinishViewModel.swift in Sources */,
				047EEB3C2AE6DEFA000550C2 /* LegViewController.swift in Sources */,
				E4A0A86B2B2450FB00C5DDA2 /* GymKindViewModel.swift in Sources */,
				E41706952B21AA20004C3DA5 /* extention.swift in Sources */,
				E417069D2B23154D004C3DA5 /* ChestViewModel.swift in Sources */,
				047EEB402AE6DF0C000550C2 /* ArmViewController.swift in Sources */,
				049A54A62AE7622D0021DB50 /* optionList.swift in Sources */,
				E41706AB2B235B40004C3DA5 /* ArmViewModel.swift in Sources */,
				041657DE2AEF8E0600BA3647 /* saveList.swift in Sources */,
				047EEB242AE6D3C5000550C2 /* SceneDelegate.swift in Sources */,
				046801AE2AF4EDF400E71CEC /* AddLegViewController.swift in Sources */,
				047EEB3A2AE6DEEB000550C2 /* BackViewController.swift in Sources */,
				049F2E8C2AF37E11008BF1EC /* AddBackViewController.swift in Sources */,
				E41706A12B234F73004C3DA5 /* AddBackViewModel.swift in Sources */,
			);
			runOnlyForDeploymentPostprocessing = 0;
		};
/* End PBXSourcesBuildPhase section */

/* Begin PBXVariantGroup section */
		047EEB272AE6D3C5000550C2 /* Main.storyboard */ = {
			isa = PBXVariantGroup;
			children = (
				047EEB282AE6D3C5000550C2 /* Base */,
			);
			name = Main.storyboard;
			sourceTree = "<group>";
		};
		047EEB2C2AE6D3C7000550C2 /* LaunchScreen.storyboard */ = {
			isa = PBXVariantGroup;
			children = (
				047EEB2D2AE6D3C7000550C2 /* Base */,
			);
			name = LaunchScreen.storyboard;
			sourceTree = "<group>";
		};
/* End PBXVariantGroup section */

/* Begin XCBuildConfiguration section */
		047EEB302AE6D3C7000550C2 /* Debug */ = {
			isa = XCBuildConfiguration;
			buildSettings = {
				ALWAYS_SEARCH_USER_PATHS = NO;
				ASSETCATALOG_COMPILER_GENERATE_SWIFT_ASSET_SYMBOL_EXTENSIONS = YES;
				CLANG_ANALYZER_NONNULL = YES;
				CLANG_ANALYZER_NUMBER_OBJECT_CONVERSION = YES_AGGRESSIVE;
				CLANG_CXX_LANGUAGE_STANDARD = "gnu++20";
				CLANG_ENABLE_MODULES = YES;
				CLANG_ENABLE_OBJC_ARC = YES;
				CLANG_ENABLE_OBJC_WEAK = YES;
				CLANG_WARN_BLOCK_CAPTURE_AUTORELEASING = YES;
				CLANG_WARN_BOOL_CONVERSION = YES;
				CLANG_WARN_COMMA = YES;
				CLANG_WARN_CONSTANT_CONVERSION = YES;
				CLANG_WARN_DEPRECATED_OBJC_IMPLEMENTATIONS = YES;
				CLANG_WARN_DIRECT_OBJC_ISA_USAGE = YES_ERROR;
				CLANG_WARN_DOCUMENTATION_COMMENTS = YES;
				CLANG_WARN_EMPTY_BODY = YES;
				CLANG_WARN_ENUM_CONVERSION = YES;
				CLANG_WARN_INFINITE_RECURSION = YES;
				CLANG_WARN_INT_CONVERSION = YES;
				CLANG_WARN_NON_LITERAL_NULL_CONVERSION = YES;
				CLANG_WARN_OBJC_IMPLICIT_RETAIN_SELF = YES;
				CLANG_WARN_OBJC_LITERAL_CONVERSION = YES;
				CLANG_WARN_OBJC_ROOT_CLASS = YES_ERROR;
				CLANG_WARN_QUOTED_INCLUDE_IN_FRAMEWORK_HEADER = YES;
				CLANG_WARN_RANGE_LOOP_ANALYSIS = YES;
				CLANG_WARN_STRICT_PROTOTYPES = YES;
				CLANG_WARN_SUSPICIOUS_MOVE = YES;
				CLANG_WARN_UNGUARDED_AVAILABILITY = YES_AGGRESSIVE;
				CLANG_WARN_UNREACHABLE_CODE = YES;
				CLANG_WARN__DUPLICATE_METHOD_MATCH = YES;
				COPY_PHASE_STRIP = NO;
				DEBUG_INFORMATION_FORMAT = dwarf;
				ENABLE_STRICT_OBJC_MSGSEND = YES;
				ENABLE_TESTABILITY = YES;
				ENABLE_USER_SCRIPT_SANDBOXING = YES;
				GCC_C_LANGUAGE_STANDARD = gnu17;
				GCC_DYNAMIC_NO_PIC = NO;
				GCC_NO_COMMON_BLOCKS = YES;
				GCC_OPTIMIZATION_LEVEL = 0;
				GCC_PREPROCESSOR_DEFINITIONS = (
					"DEBUG=1",
					"$(inherited)",
				);
				GCC_WARN_64_TO_32_BIT_CONVERSION = YES;
				GCC_WARN_ABOUT_RETURN_TYPE = YES_ERROR;
				GCC_WARN_UNDECLARED_SELECTOR = YES;
				GCC_WARN_UNINITIALIZED_AUTOS = YES_AGGRESSIVE;
				GCC_WARN_UNUSED_FUNCTION = YES;
				GCC_WARN_UNUSED_VARIABLE = YES;
				IPHONEOS_DEPLOYMENT_TARGET = 16.0;
				LOCALIZATION_PREFERS_STRING_CATALOGS = YES;
				MTL_ENABLE_DEBUG_INFO = INCLUDE_SOURCE;
				MTL_FAST_MATH = YES;
				ONLY_ACTIVE_ARCH = YES;
				SDKROOT = iphoneos;
				SWIFT_ACTIVE_COMPILATION_CONDITIONS = "DEBUG $(inherited)";
				SWIFT_OPTIMIZATION_LEVEL = "-Onone";
			};
			name = Debug;
		};
		047EEB312AE6D3C7000550C2 /* Release */ = {
			isa = XCBuildConfiguration;
			buildSettings = {
				ALWAYS_SEARCH_USER_PATHS = NO;
				ASSETCATALOG_COMPILER_GENERATE_SWIFT_ASSET_SYMBOL_EXTENSIONS = YES;
				CLANG_ANALYZER_NONNULL = YES;
				CLANG_ANALYZER_NUMBER_OBJECT_CONVERSION = YES_AGGRESSIVE;
				CLANG_CXX_LANGUAGE_STANDARD = "gnu++20";
				CLANG_ENABLE_MODULES = YES;
				CLANG_ENABLE_OBJC_ARC = YES;
				CLANG_ENABLE_OBJC_WEAK = YES;
				CLANG_WARN_BLOCK_CAPTURE_AUTORELEASING = YES;
				CLANG_WARN_BOOL_CONVERSION = YES;
				CLANG_WARN_COMMA = YES;
				CLANG_WARN_CONSTANT_CONVERSION = YES;
				CLANG_WARN_DEPRECATED_OBJC_IMPLEMENTATIONS = YES;
				CLANG_WARN_DIRECT_OBJC_ISA_USAGE = YES_ERROR;
				CLANG_WARN_DOCUMENTATION_COMMENTS = YES;
				CLANG_WARN_EMPTY_BODY = YES;
				CLANG_WARN_ENUM_CONVERSION = YES;
				CLANG_WARN_INFINITE_RECURSION = YES;
				CLANG_WARN_INT_CONVERSION = YES;
				CLANG_WARN_NON_LITERAL_NULL_CONVERSION = YES;
				CLANG_WARN_OBJC_IMPLICIT_RETAIN_SELF = YES;
				CLANG_WARN_OBJC_LITERAL_CONVERSION = YES;
				CLANG_WARN_OBJC_ROOT_CLASS = YES_ERROR;
				CLANG_WARN_QUOTED_INCLUDE_IN_FRAMEWORK_HEADER = YES;
				CLANG_WARN_RANGE_LOOP_ANALYSIS = YES;
				CLANG_WARN_STRICT_PROTOTYPES = YES;
				CLANG_WARN_SUSPICIOUS_MOVE = YES;
				CLANG_WARN_UNGUARDED_AVAILABILITY = YES_AGGRESSIVE;
				CLANG_WARN_UNREACHABLE_CODE = YES;
				CLANG_WARN__DUPLICATE_METHOD_MATCH = YES;
				COPY_PHASE_STRIP = NO;
				DEBUG_INFORMATION_FORMAT = "dwarf-with-dsym";
				ENABLE_NS_ASSERTIONS = NO;
				ENABLE_STRICT_OBJC_MSGSEND = YES;
				ENABLE_USER_SCRIPT_SANDBOXING = YES;
				GCC_C_LANGUAGE_STANDARD = gnu17;
				GCC_NO_COMMON_BLOCKS = YES;
				GCC_WARN_64_TO_32_BIT_CONVERSION = YES;
				GCC_WARN_ABOUT_RETURN_TYPE = YES_ERROR;
				GCC_WARN_UNDECLARED_SELECTOR = YES;
				GCC_WARN_UNINITIALIZED_AUTOS = YES_AGGRESSIVE;
				GCC_WARN_UNUSED_FUNCTION = YES;
				GCC_WARN_UNUSED_VARIABLE = YES;
				IPHONEOS_DEPLOYMENT_TARGET = 16.0;
				LOCALIZATION_PREFERS_STRING_CATALOGS = YES;
				MTL_ENABLE_DEBUG_INFO = NO;
				MTL_FAST_MATH = YES;
				SDKROOT = iphoneos;
				SWIFT_COMPILATION_MODE = wholemodule;
				VALIDATE_PRODUCT = YES;
			};
			name = Release;
		};
		047EEB332AE6D3C7000550C2 /* Debug */ = {
			isa = XCBuildConfiguration;
			buildSettings = {
				ASSETCATALOG_COMPILER_APPICON_NAME = AppIcon;
				ASSETCATALOG_COMPILER_GLOBAL_ACCENT_COLOR_NAME = AccentColor;
				CODE_SIGN_STYLE = Automatic;
				CURRENT_PROJECT_VERSION = 1.0.1;
				DEVELOPMENT_TEAM = C228F79P72;
				GENERATE_INFOPLIST_FILE = YES;
				INFOPLIST_FILE = myGYMapp/Info.plist;
				INFOPLIST_KEY_CFBundleDisplayName = "고짐";
				INFOPLIST_KEY_LSApplicationCategoryType = "public.app-category.healthcare-fitness";
				INFOPLIST_KEY_UIApplicationSupportsIndirectInputEvents = YES;
				INFOPLIST_KEY_UILaunchStoryboardName = LaunchScreen;
				INFOPLIST_KEY_UIMainStoryboardFile = Main;
				INFOPLIST_KEY_UIStatusBarStyle = "";
				INFOPLIST_KEY_UISupportedInterfaceOrientations = "UIInterfaceOrientationLandscapeLeft UIInterfaceOrientationLandscapeRight UIInterfaceOrientationPortrait";
				INFOPLIST_KEY_UISupportedInterfaceOrientations_iPad = UIInterfaceOrientationPortrait;
				IPHONEOS_DEPLOYMENT_TARGET = 16.0;
				LD_RUNPATH_SEARCH_PATHS = (
					"$(inherited)",
					"@executable_path/Frameworks",
				);
				MARKETING_VERSION = 1.0.1;
				PRODUCT_BUNDLE_IDENTIFIER = myGYMapp.myGYMapp;
				PRODUCT_NAME = "$(TARGET_NAME)";
				SUPPORTED_PLATFORMS = "iphoneos iphonesimulator";
				SUPPORTS_MACCATALYST = NO;
				SUPPORTS_MAC_DESIGNED_FOR_IPHONE_IPAD = NO;
				SWIFT_EMIT_LOC_STRINGS = YES;
				SWIFT_VERSION = 5.0;
				TARGETED_DEVICE_FAMILY = 1;
			};
			name = Debug;
		};
		047EEB342AE6D3C7000550C2 /* Release */ = {
			isa = XCBuildConfiguration;
			buildSettings = {
				ASSETCATALOG_COMPILER_APPICON_NAME = AppIcon;
				ASSETCATALOG_COMPILER_GLOBAL_ACCENT_COLOR_NAME = AccentColor;
				CODE_SIGN_STYLE = Automatic;
				CURRENT_PROJECT_VERSION = 1.0.1;
				DEVELOPMENT_TEAM = C228F79P72;
				GENERATE_INFOPLIST_FILE = YES;
				INFOPLIST_FILE = myGYMapp/Info.plist;
				INFOPLIST_KEY_CFBundleDisplayName = "고짐";
				INFOPLIST_KEY_LSApplicationCategoryType = "public.app-category.healthcare-fitness";
				INFOPLIST_KEY_UIApplicationSupportsIndirectInputEvents = YES;
				INFOPLIST_KEY_UILaunchStoryboardName = LaunchScreen;
				INFOPLIST_KEY_UIMainStoryboardFile = Main;
				INFOPLIST_KEY_UIStatusBarStyle = "";
				INFOPLIST_KEY_UISupportedInterfaceOrientations = "UIInterfaceOrientationLandscapeLeft UIInterfaceOrientationLandscapeRight UIInterfaceOrientationPortrait";
				INFOPLIST_KEY_UISupportedInterfaceOrientations_iPad = UIInterfaceOrientationPortrait;
				IPHONEOS_DEPLOYMENT_TARGET = 16.0;
				LD_RUNPATH_SEARCH_PATHS = (
					"$(inherited)",
					"@executable_path/Frameworks",
				);
				MARKETING_VERSION = 1.0.1;
				PRODUCT_BUNDLE_IDENTIFIER = myGYMapp.myGYMapp;
				PRODUCT_NAME = "$(TARGET_NAME)";
				SUPPORTED_PLATFORMS = "iphoneos iphonesimulator";
				SUPPORTS_MACCATALYST = NO;
				SUPPORTS_MAC_DESIGNED_FOR_IPHONE_IPAD = NO;
				SWIFT_EMIT_LOC_STRINGS = YES;
				SWIFT_VERSION = 5.0;
				TARGETED_DEVICE_FAMILY = 1;
			};
			name = Release;
		};
/* End XCBuildConfiguration section */

/* Begin XCConfigurationList section */
		047EEB192AE6D3C5000550C2 /* Build configuration list for PBXProject "myGYMapp" */ = {
			isa = XCConfigurationList;
			buildConfigurations = (
				047EEB302AE6D3C7000550C2 /* Debug */,
				047EEB312AE6D3C7000550C2 /* Release */,
			);
			defaultConfigurationIsVisible = 0;
			defaultConfigurationName = Release;
		};
		047EEB322AE6D3C7000550C2 /* Build configuration list for PBXNativeTarget "myGYMapp" */ = {
			isa = XCConfigurationList;
			buildConfigurations = (
				047EEB332AE6D3C7000550C2 /* Debug */,
				047EEB342AE6D3C7000550C2 /* Release */,
			);
			defaultConfigurationIsVisible = 0;
			defaultConfigurationName = Release;
		};
/* End XCConfigurationList section */

/* Begin XCVersionGroup section */
		04C01D142AF1F99A00CB4B39 /* HistoryInfo.xcdatamodeld */ = {
			isa = XCVersionGroup;
			children = (
				04C01D152AF1F99A00CB4B39 /* Model.xcdatamodel */,
			);
			currentVersion = 04C01D152AF1F99A00CB4B39 /* Model.xcdatamodel */;
			path = HistoryInfo.xcdatamodeld;
			sourceTree = "<group>";
			versionGroupType = wrapper.xcdatamodel;
		};
/* End XCVersionGroup section */
	};
	rootObject = 047EEB162AE6D3C5000550C2 /* Project object */;
}
